
Microsoft Visual Studio Solution File, Format Version 12.00
# Visual Studio 15
VisualStudioVersion = 15.0.27130.2027
MinimumVisualStudioVersion = 10.0.40219.1
Project("{FAE04EC0-301F-11D3-BF4B-00C04F79EFBC}") = "Chapter14_DebuggingDemo", "Chapter14_DebuggingDemo\Chapter14_DebuggingDemo.csproj", "{91542A9A-8DDA-4CCE-BA00-8C416C1DDF3B}"
EndProject
Global
	GlobalSection(SolutionConfigurationPlatforms) = preSolution
		Debug|Any CPU = Debug|Any CPU
		Release|Any CPU = Release|Any CPU
	EndGlobalSection
	GlobalSection(ProjectConfigurationPlatforms) = postSolution
		{91542A9A-8DDA-4CCE-BA00-8C416C1DDF3B}.Debug|Any CPU.ActiveCfg = Debug|Any CPU
		{91542A9A-8DDA-4CCE-BA00-8C416C1DDF3B}.Debug|Any CPU.Build.0 = Debug|Any CPU
		{91542A9A-8DDA-4CCE-BA00-8C416C1DDF3B}.Release|Any CPU.ActiveCfg = Release|Any CPU
		{91542A9A-8DDA-4CCE-BA00-8C416C1DDF3B}.Release|Any CPU.Build.0 = Release|Any CPU
	EndGlobalSection
	GlobalSection(SolutionProperties) = preSolution
		HideSolutionNode = FALSE
	EndGlobalSection
	GlobalSection(ExtensibilityGlobals) = postSolution
		SolutionGuid = {9BD93DF2-618F-42B3-8B41-833B3CD34EEF}
	EndGlobalSection
EndGlobal
