
Microsoft Visual Studio Solution File, Format Version 12.00
# Visual Studio 15
VisualStudioVersion = 15.0.26730.16
MinimumVisualStudioVersion = 10.0.40219.1
Project("{FAE04EC0-301F-11D3-BF4B-00C04F79EFBC}") = "Chapter5_Razor", "Chapter5_Razor\Chapter5_Razor.csproj", "{D8121CC6-9EFB-4578-A4A6-7660AA2A85D0}"
EndProject
Global
	GlobalSection(SolutionConfigurationPlatforms) = preSolution
		Debug|Any CPU = Debug|Any CPU
		Release|Any CPU = Release|Any CPU
	EndGlobalSection
	GlobalSection(ProjectConfigurationPlatforms) = postSolution
		{D8121CC6-9EFB-4578-A4A6-7660AA2A85D0}.Debug|Any CPU.ActiveCfg = Debug|Any CPU
		{D8121CC6-9EFB-4578-A4A6-7660AA2A85D0}.Debug|Any CPU.Build.0 = Debug|Any CPU
		{D8121CC6-9EFB-4578-A4A6-7660AA2A85D0}.Release|Any CPU.ActiveCfg = Release|Any CPU
		{D8121CC6-9EFB-4578-A4A6-7660AA2A85D0}.Release|Any CPU.Build.0 = Release|Any CPU
	EndGlobalSection
	GlobalSection(SolutionProperties) = preSolution
		HideSolutionNode = FALSE
	EndGlobalSection
	GlobalSection(ExtensibilityGlobals) = postSolution
		SolutionGuid = {069CA70A-0D2D-42C4-81C4-7C0B4FA863E1}
	EndGlobalSection
EndGlobal
