
Microsoft Visual Studio Solution File, Format Version 12.00
# Visual Studio 15
VisualStudioVersion = 15.0.27130.2027
MinimumVisualStudioVersion = 10.0.40219.1
Project("{FAE04EC0-301F-11D3-BF4B-00C04F79EFBC}") = "Chapter25_ModelValidation", "Chapter25_ModelValidation\Chapter25_ModelValidation.csproj", "{641A9711-0352-4215-897B-C2C507CC6D6F}"
EndProject
Global
	GlobalSection(SolutionConfigurationPlatforms) = preSolution
		Debug|Any CPU = Debug|Any CPU
		Release|Any CPU = Release|Any CPU
	EndGlobalSection
	GlobalSection(ProjectConfigurationPlatforms) = postSolution
		{641A9711-0352-4215-897B-C2C507CC6D6F}.Debug|Any CPU.ActiveCfg = Debug|Any CPU
		{641A9711-0352-4215-897B-C2C507CC6D6F}.Debug|Any CPU.Build.0 = Debug|Any CPU
		{641A9711-0352-4215-897B-C2C507CC6D6F}.Release|Any CPU.ActiveCfg = Release|Any CPU
		{641A9711-0352-4215-897B-C2C507CC6D6F}.Release|Any CPU.Build.0 = Release|Any CPU
	EndGlobalSection
	GlobalSection(SolutionProperties) = preSolution
		HideSolutionNode = FALSE
	EndGlobalSection
	GlobalSection(ExtensibilityGlobals) = postSolution
		SolutionGuid = {528D5CAC-C51F-4338-879F-B3C6433C8FB8}
	EndGlobalSection
EndGlobal
