
Microsoft Visual Studio Solution File, Format Version 12.00
# Visual Studio 15
VisualStudioVersion = 15.0.27130.2027
MinimumVisualStudioVersion = 10.0.40219.1
Project("{FAE04EC0-301F-11D3-BF4B-00C04F79EFBC}") = "Chapter15_UrlsAndRoutes", "Chapter15_UrlsAndRoutes\Chapter15_UrlsAndRoutes.csproj", "{6451AAE7-DD09-4B90-8983-A2F9DAABF4E2}"
EndProject
Project("{FAE04EC0-301F-11D3-BF4B-00C04F79EFBC}") = "Chapter15_UrlsAndRoutes.Tests", "Chapter15_UrlsAndRoutes.Tests\Chapter15_UrlsAndRoutes.Tests.csproj", "{84C9A83D-8A18-496E-BE11-8DB3860CF494}"
EndProject
Global
	GlobalSection(SolutionConfigurationPlatforms) = preSolution
		Debug|Any CPU = Debug|Any CPU
		Release|Any CPU = Release|Any CPU
	EndGlobalSection
	GlobalSection(ProjectConfigurationPlatforms) = postSolution
		{6451AAE7-DD09-4B90-8983-A2F9DAABF4E2}.Debug|Any CPU.ActiveCfg = Debug|Any CPU
		{6451AAE7-DD09-4B90-8983-A2F9DAABF4E2}.Debug|Any CPU.Build.0 = Debug|Any CPU
		{6451AAE7-DD09-4B90-8983-A2F9DAABF4E2}.Release|Any CPU.ActiveCfg = Release|Any CPU
		{6451AAE7-DD09-4B90-8983-A2F9DAABF4E2}.Release|Any CPU.Build.0 = Release|Any CPU
		{84C9A83D-8A18-496E-BE11-8DB3860CF494}.Debug|Any CPU.ActiveCfg = Debug|Any CPU
		{84C9A83D-8A18-496E-BE11-8DB3860CF494}.Debug|Any CPU.Build.0 = Debug|Any CPU
		{84C9A83D-8A18-496E-BE11-8DB3860CF494}.Release|Any CPU.ActiveCfg = Release|Any CPU
		{84C9A83D-8A18-496E-BE11-8DB3860CF494}.Release|Any CPU.Build.0 = Release|Any CPU
	EndGlobalSection
	GlobalSection(SolutionProperties) = preSolution
		HideSolutionNode = FALSE
	EndGlobalSection
	GlobalSection(ExtensibilityGlobals) = postSolution
		SolutionGuid = {97C9286F-5047-42FA-8F15-B98A06D64FC7}
	EndGlobalSection
EndGlobal
